
Microsoft Visual Studio Solution File, Format Version 12.00
# Visual Studio 15
VisualStudioVersion = 15.0.27703.2026
MinimumVisualStudioVersion = 10.0.40219.1
Project("{8BC9CEB8-8B4A-11D0-8D11-00A0C91BC942}") = "Pointers", "Pointers\Pointers.vcxproj", "{E5F1D457-4AE6-4C3A-ADA2-FE5829F716EC}"
EndProject
Global
	GlobalSection(SolutionConfigurationPlatforms) = preSolution
		Debug|x64 = Debug|x64
		Debug|x86 = Debug|x86
		Release|x64 = Release|x64
		Release|x86 = Release|x86
	EndGlobalSection
	GlobalSection(ProjectConfigurationPlatforms) = postSolution
		{E5F1D457-4AE6-4C3A-ADA2-FE5829F716EC}.Debug|x64.ActiveCfg = Debug|x64
		{E5F1D457-4AE6-4C3A-ADA2-FE5829F716EC}.Debug|x64.Build.0 = Debug|x64
		{E5F1D457-4AE6-4C3A-ADA2-FE5829F716EC}.Debug|x86.ActiveCfg = Debug|Win32
		{E5F1D457-4AE6-4C3A-ADA2-FE5829F716EC}.Debug|x86.Build.0 = Debug|Win32
		{E5F1D457-4AE6-4C3A-ADA2-FE5829F716EC}.Release|x64.ActiveCfg = Release|x64
		{E5F1D457-4AE6-4C3A-ADA2-FE5829F716EC}.Release|x64.Build.0 = Release|x64
		{E5F1D457-4AE6-4C3A-ADA2-FE5829F716EC}.Release|x86.ActiveCfg = Release|Win32
		{E5F1D457-4AE6-4C3A-ADA2-FE5829F716EC}.Release|x86.Build.0 = Release|Win32
	EndGlobalSection
	GlobalSection(SolutionProperties) = preSolution
		HideSolutionNode = FALSE
	EndGlobalSection
	GlobalSection(ExtensibilityGlobals) = postSolution
		SolutionGuid = {98CDB0B2-65AE-4DF7-8500-CF7329CE5A73}
	EndGlobalSection
EndGlobal
